
Microsoft Visual Studio Solution File, Format Version 12.00
# Visual Studio Version 17
VisualStudioVersion = 17.13.35825.156
MinimumVisualStudioVersion = 10.0.40219.1
Project("{9A19103F-16F7-4668-BE54-9A1E7A4F7556}") = "psi_joséphine", "psi_joséphine.csproj", "{0B4AE11B-8F28-4B22-87EA-7E583F50094B}"
EndProject
Global
	GlobalSection(SolutionConfigurationPlatforms) = preSolution
		Debug|Any CPU = Debug|Any CPU
		Release|Any CPU = Release|Any CPU
	EndGlobalSection
	GlobalSection(ProjectConfigurationPlatforms) = postSolution
		{0B4AE11B-8F28-4B22-87EA-7E583F50094B}.Debug|Any CPU.ActiveCfg = Debug|Any CPU
		{0B4AE11B-8F28-4B22-87EA-7E583F50094B}.Debug|Any CPU.Build.0 = Debug|Any CPU
		{0B4AE11B-8F28-4B22-87EA-7E583F50094B}.Release|Any CPU.ActiveCfg = Release|Any CPU
		{0B4AE11B-8F28-4B22-87EA-7E583F50094B}.Release|Any CPU.Build.0 = Release|Any CPU
	EndGlobalSection
	GlobalSection(SolutionProperties) = preSolution
		HideSolutionNode = FALSE
	EndGlobalSection
	GlobalSection(ExtensibilityGlobals) = postSolution
		SolutionGuid = {EBF5BE18-9EF1-4122-9F71-8470D99D71AE}
	EndGlobalSection
EndGlobal
